
Microsoft Visual Studio Solution File, Format Version 12.00
# Visual Studio Version 17
VisualStudioVersion = 17.1.32210.238
MinimumVisualStudioVersion = 10.0.40219.1
Project("{FAE04EC0-301F-11D3-BF4B-00C04F79EFBC}") = "ApiVuelos", "ApiVuelos\ApiVuelos.csproj", "{635B109A-B187-4CD9-A659-27E995D1C264}"
EndProject
Global
	GlobalSection(SolutionConfigurationPlatforms) = preSolution
		Debug|Any CPU = Debug|Any CPU
		Release|Any CPU = Release|Any CPU
	EndGlobalSection
	GlobalSection(ProjectConfigurationPlatforms) = postSolution
		{635B109A-B187-4CD9-A659-27E995D1C264}.Debug|Any CPU.ActiveCfg = Debug|Any CPU
		{635B109A-B187-4CD9-A659-27E995D1C264}.Debug|Any CPU.Build.0 = Debug|Any CPU
		{635B109A-B187-4CD9-A659-27E995D1C264}.Release|Any CPU.ActiveCfg = Release|Any CPU
		{635B109A-B187-4CD9-A659-27E995D1C264}.Release|Any CPU.Build.0 = Release|Any CPU
	EndGlobalSection
	GlobalSection(SolutionProperties) = preSolution
		HideSolutionNode = FALSE
	EndGlobalSection
	GlobalSection(ExtensibilityGlobals) = postSolution
		SolutionGuid = {234E0A1B-470B-428C-B0CC-1BAD26A54C31}
	EndGlobalSection
EndGlobal
